
Microsoft Visual Studio Solution File, Format Version 12.00
# Visual Studio Version 16
VisualStudioVersion = 16.0.30225.117
MinimumVisualStudioVersion = 10.0.40219.1
Project("{9A19103F-16F7-4668-BE54-9A1E7A4F7556}") = "ConfigurationService.Hosting", "ConfigurationService.Hosting\ConfigurationService.Hosting.csproj", "{791DC3A5-9493-41AE-A605-E45142C5246D}"
EndProject
Project("{9A19103F-16F7-4668-BE54-9A1E7A4F7556}") = "ConfigurationService.Client", "ConfigurationService.Client\ConfigurationService.Client.csproj", "{7A654435-A733-4BCD-8477-77065F75C438}"
EndProject
Project("{FAE04EC0-301F-11D3-BF4B-00C04F79EFBC}") = "ConfigurationService.Test", "ConfigurationService.Test\ConfigurationService.Test.csproj", "{D76FFB0A-603C-47B0-B5F9-B85092E091D7}"
EndProject
Global
	GlobalSection(SolutionConfigurationPlatforms) = preSolution
		Debug|Any CPU = Debug|Any CPU
		Release|Any CPU = Release|Any CPU
	EndGlobalSection
	GlobalSection(ProjectConfigurationPlatforms) = postSolution
		{791DC3A5-9493-41AE-A605-E45142C5246D}.Debug|Any CPU.ActiveCfg = Debug|Any CPU
		{791DC3A5-9493-41AE-A605-E45142C5246D}.Debug|Any CPU.Build.0 = Debug|Any CPU
		{791DC3A5-9493-41AE-A605-E45142C5246D}.Release|Any CPU.ActiveCfg = Release|Any CPU
		{791DC3A5-9493-41AE-A605-E45142C5246D}.Release|Any CPU.Build.0 = Release|Any CPU
		{7A654435-A733-4BCD-8477-77065F75C438}.Debug|Any CPU.ActiveCfg = Debug|Any CPU
		{7A654435-A733-4BCD-8477-77065F75C438}.Debug|Any CPU.Build.0 = Debug|Any CPU
		{7A654435-A733-4BCD-8477-77065F75C438}.Release|Any CPU.ActiveCfg = Release|Any CPU
		{7A654435-A733-4BCD-8477-77065F75C438}.Release|Any CPU.Build.0 = Release|Any CPU
		{D76FFB0A-603C-47B0-B5F9-B85092E091D7}.Debug|Any CPU.ActiveCfg = Debug|Any CPU
		{D76FFB0A-603C-47B0-B5F9-B85092E091D7}.Debug|Any CPU.Build.0 = Debug|Any CPU
		{D76FFB0A-603C-47B0-B5F9-B85092E091D7}.Release|Any CPU.ActiveCfg = Release|Any CPU
		{D76FFB0A-603C-47B0-B5F9-B85092E091D7}.Release|Any CPU.Build.0 = Release|Any CPU
	EndGlobalSection
	GlobalSection(SolutionProperties) = preSolution
		HideSolutionNode = FALSE
	EndGlobalSection
	GlobalSection(ExtensibilityGlobals) = postSolution
		SolutionGuid = {FC20561E-ACA1-4E8E-819D-AAA8A39A2721}
	EndGlobalSection
EndGlobal
